
Microsoft Visual Studio Solution File, Format Version 12.00
# Visual Studio Version 16
VisualStudioVersion = 16.0.31321.278
MinimumVisualStudioVersion = 10.0.40219.1
Project("{FAE04EC0-301F-11D3-BF4B-00C04F79EFBC}") = "CursoCSharp", "CursoCSharp\CursoCSharp.csproj", "{B6812591-2ACF-444F-9E50-F6485E001686}"
EndProject
Global
	GlobalSection(SolutionConfigurationPlatforms) = preSolution
		Debug|Any CPU = Debug|Any CPU
		Release|Any CPU = Release|Any CPU
	EndGlobalSection
	GlobalSection(ProjectConfigurationPlatforms) = postSolution
		{B6812591-2ACF-444F-9E50-F6485E001686}.Debug|Any CPU.ActiveCfg = Debug|Any CPU
		{B6812591-2ACF-444F-9E50-F6485E001686}.Debug|Any CPU.Build.0 = Debug|Any CPU
		{B6812591-2ACF-444F-9E50-F6485E001686}.Release|Any CPU.ActiveCfg = Release|Any CPU
		{B6812591-2ACF-444F-9E50-F6485E001686}.Release|Any CPU.Build.0 = Release|Any CPU
	EndGlobalSection
	GlobalSection(SolutionProperties) = preSolution
		HideSolutionNode = FALSE
	EndGlobalSection
	GlobalSection(ExtensibilityGlobals) = postSolution
		SolutionGuid = {EB173C79-05AB-454E-B552-5F7D168F50E3}
	EndGlobalSection
EndGlobal
